
Microsoft Visual Studio Solution File, Format Version 12.00
# Visual Studio Version 17
VisualStudioVersion = 17.14.36915.13 d17.14
MinimumVisualStudioVersion = 10.0.40219.1
Project("{FAE04EC0-301F-11D3-BF4B-00C04F79EFBC}") = "SignalApp.API", "SignalApp.API\SignalApp.API.csproj", "{130998BB-2FEE-4C17-A2A6-9B8413D54001}"
EndProject
Global
	GlobalSection(SolutionConfigurationPlatforms) = preSolution
		Debug|Any CPU = Debug|Any CPU
		Release|Any CPU = Release|Any CPU
	EndGlobalSection
	GlobalSection(ProjectConfigurationPlatforms) = postSolution
		{130998BB-2FEE-4C17-A2A6-9B8413D54001}.Debug|Any CPU.ActiveCfg = Debug|Any CPU
		{130998BB-2FEE-4C17-A2A6-9B8413D54001}.Debug|Any CPU.Build.0 = Debug|Any CPU
		{130998BB-2FEE-4C17-A2A6-9B8413D54001}.Release|Any CPU.ActiveCfg = Release|Any CPU
		{130998BB-2FEE-4C17-A2A6-9B8413D54001}.Release|Any CPU.Build.0 = Release|Any CPU
	EndGlobalSection
	GlobalSection(SolutionProperties) = preSolution
		HideSolutionNode = FALSE
	EndGlobalSection
	GlobalSection(ExtensibilityGlobals) = postSolution
		SolutionGuid = {67DE4C23-6797-42D3-851B-D5D9602A2325}
	EndGlobalSection
EndGlobal
